
Microsoft Visual Studio Solution File, Format Version 10.00
# Visual Studio 2008
Project("{8BC9CEB8-8B4A-11D0-8D11-00A0C91BC942}") = "ServiceSample", "ServiceSample.vcproj", "{1780D50C-9CBA-4737-B5C0-649E47C9AD5B}"
EndProject
Global
	GlobalSection(SolutionConfigurationPlatforms) = preSolution
		Debug|Win32 = Debug|Win32
		Release|Win32 = Release|Win32
	EndGlobalSection
	GlobalSection(ProjectConfigurationPlatforms) = postSolution
		{1780D50C-9CBA-4737-B5C0-649E47C9AD5B}.Debug|Win32.ActiveCfg = Debug|Win32
		{1780D50C-9CBA-4737-B5C0-649E47C9AD5B}.Debug|Win32.Build.0 = Debug|Win32
		{1780D50C-9CBA-4737-B5C0-649E47C9AD5B}.Release|Win32.ActiveCfg = Release|Win32
		{1780D50C-9CBA-4737-B5C0-649E47C9AD5B}.Release|Win32.Build.0 = Release|Win32
	EndGlobalSection
	GlobalSection(SolutionProperties) = preSolution
		HideSolutionNode = FALSE
	EndGlobalSection
EndGlobal
